
Microsoft Visual Studio Solution File, Format Version 12.00
# Visual Studio Version 17
VisualStudioVersion = 17.11.35327.3
MinimumVisualStudioVersion = 10.0.40219.1
Project("{FAE04EC0-301F-11D3-BF4B-00C04F79EFBC}") = "TaskAssignment", "TaskAssignment\TaskAssignment.csproj", "{CADDB051-C6D2-41AA-AB1C-113CAA6EAF7E}"
EndProject
Global
	GlobalSection(SolutionConfigurationPlatforms) = preSolution
		Debug|Any CPU = Debug|Any CPU
		Release|Any CPU = Release|Any CPU
	EndGlobalSection
	GlobalSection(ProjectConfigurationPlatforms) = postSolution
		{CADDB051-C6D2-41AA-AB1C-113CAA6EAF7E}.Debug|Any CPU.ActiveCfg = Debug|Any CPU
		{CADDB051-C6D2-41AA-AB1C-113CAA6EAF7E}.Debug|Any CPU.Build.0 = Debug|Any CPU
		{CADDB051-C6D2-41AA-AB1C-113CAA6EAF7E}.Release|Any CPU.ActiveCfg = Release|Any CPU
		{CADDB051-C6D2-41AA-AB1C-113CAA6EAF7E}.Release|Any CPU.Build.0 = Release|Any CPU
	EndGlobalSection
	GlobalSection(SolutionProperties) = preSolution
		HideSolutionNode = FALSE
	EndGlobalSection
	GlobalSection(ExtensibilityGlobals) = postSolution
		SolutionGuid = {72488F65-2DBD-4B32-9BCB-D1A1350A0F6A}
	EndGlobalSection
EndGlobal
